
Microsoft Visual Studio Solution File, Format Version 12.00
# Visual Studio Version 16
VisualStudioVersion = 16.0.30711.63
MinimumVisualStudioVersion = 10.0.40219.1
Project("{FAE04EC0-301F-11D3-BF4B-00C04F79EFBC}") = "Homework2", "Homework2\Homework2.csproj", "{B50BA24A-97C0-4661-BF73-22FFC6BDC52C}"
EndProject
Global
	GlobalSection(SolutionConfigurationPlatforms) = preSolution
		Debug|Any CPU = Debug|Any CPU
		Release|Any CPU = Release|Any CPU
	EndGlobalSection
	GlobalSection(ProjectConfigurationPlatforms) = postSolution
		{B50BA24A-97C0-4661-BF73-22FFC6BDC52C}.Debug|Any CPU.ActiveCfg = Debug|Any CPU
		{B50BA24A-97C0-4661-BF73-22FFC6BDC52C}.Debug|Any CPU.Build.0 = Debug|Any CPU
		{B50BA24A-97C0-4661-BF73-22FFC6BDC52C}.Debug|Any CPU.Deploy.0 = Debug|Any CPU
		{B50BA24A-97C0-4661-BF73-22FFC6BDC52C}.Release|Any CPU.ActiveCfg = Release|Any CPU
		{B50BA24A-97C0-4661-BF73-22FFC6BDC52C}.Release|Any CPU.Build.0 = Release|Any CPU
		{B50BA24A-97C0-4661-BF73-22FFC6BDC52C}.Release|Any CPU.Deploy.0 = Release|Any CPU
	EndGlobalSection
	GlobalSection(SolutionProperties) = preSolution
		HideSolutionNode = FALSE
	EndGlobalSection
	GlobalSection(ExtensibilityGlobals) = postSolution
		SolutionGuid = {FEC30732-A3AB-48C7-80E3-90E408DF19BE}
	EndGlobalSection
EndGlobal
