
Microsoft Visual Studio Solution File, Format Version 12.00
# Visual Studio Version 16
VisualStudioVersion = 16.0.30711.63
MinimumVisualStudioVersion = 10.0.40219.1
Project("{FAE04EC0-301F-11D3-BF4B-00C04F79EFBC}") = "Homework_List", "Homework_List.csproj", "{9A24BE85-BB96-450B-BCCD-B55500291484}"
EndProject
Global
	GlobalSection(SolutionConfigurationPlatforms) = preSolution
		Debug|Any CPU = Debug|Any CPU
		Release|Any CPU = Release|Any CPU
	EndGlobalSection
	GlobalSection(ProjectConfigurationPlatforms) = postSolution
		{9A24BE85-BB96-450B-BCCD-B55500291484}.Debug|Any CPU.ActiveCfg = Debug|Any CPU
		{9A24BE85-BB96-450B-BCCD-B55500291484}.Debug|Any CPU.Build.0 = Debug|Any CPU
		{9A24BE85-BB96-450B-BCCD-B55500291484}.Debug|Any CPU.Deploy.0 = Debug|Any CPU
		{9A24BE85-BB96-450B-BCCD-B55500291484}.Release|Any CPU.ActiveCfg = Release|Any CPU
		{9A24BE85-BB96-450B-BCCD-B55500291484}.Release|Any CPU.Build.0 = Release|Any CPU
		{9A24BE85-BB96-450B-BCCD-B55500291484}.Release|Any CPU.Deploy.0 = Release|Any CPU
	EndGlobalSection
	GlobalSection(SolutionProperties) = preSolution
		HideSolutionNode = FALSE
	EndGlobalSection
	GlobalSection(ExtensibilityGlobals) = postSolution
		SolutionGuid = {E9501FD8-FAAA-46BD-A6D7-A32419897661}
	EndGlobalSection
EndGlobal
